
Microsoft Visual Studio Solution File, Format Version 12.00
# Visual Studio Version 16
VisualStudioVersion = 16.0.30204.135
MinimumVisualStudioVersion = 10.0.40219.1
Project("{FAE04EC0-301F-11D3-BF4B-00C04F79EFBC}") = "Computer-Shop", "Computer-Shop.csproj", "{64924DFE-7EA1-4B04-B30F-F2192FD50783}"
EndProject
Global
	GlobalSection(SolutionConfigurationPlatforms) = preSolution
		Debug|Any CPU = Debug|Any CPU
		Release|Any CPU = Release|Any CPU
	EndGlobalSection
	GlobalSection(ProjectConfigurationPlatforms) = postSolution
		{64924DFE-7EA1-4B04-B30F-F2192FD50783}.Debug|Any CPU.ActiveCfg = Debug|Any CPU
		{64924DFE-7EA1-4B04-B30F-F2192FD50783}.Debug|Any CPU.Build.0 = Debug|Any CPU
		{64924DFE-7EA1-4B04-B30F-F2192FD50783}.Release|Any CPU.ActiveCfg = Release|Any CPU
		{64924DFE-7EA1-4B04-B30F-F2192FD50783}.Release|Any CPU.Build.0 = Release|Any CPU
	EndGlobalSection
	GlobalSection(SolutionProperties) = preSolution
		HideSolutionNode = FALSE
	EndGlobalSection
	GlobalSection(ExtensibilityGlobals) = postSolution
		SolutionGuid = {ADDD8F4D-FA95-4E2B-AEDA-767E0687929E}
	EndGlobalSection
EndGlobal
